
Microsoft Visual Studio Solution File, Format Version 12.00
# Visual Studio Version 16
VisualStudioVersion = 16.0.31005.135
MinimumVisualStudioVersion = 10.0.40219.1
Project("{FAE04EC0-301F-11D3-BF4B-00C04F79EFBC}") = "animate-test", "animate-test.csproj", "{38550FC2-84D2-401A-BBDB-053A5CDF2399}"
EndProject
Global
	GlobalSection(SolutionConfigurationPlatforms) = preSolution
		Debug|Any CPU = Debug|Any CPU
		Release|Any CPU = Release|Any CPU
	EndGlobalSection
	GlobalSection(ProjectConfigurationPlatforms) = postSolution
		{38550FC2-84D2-401A-BBDB-053A5CDF2399}.Debug|Any CPU.ActiveCfg = Debug|Any CPU
		{38550FC2-84D2-401A-BBDB-053A5CDF2399}.Debug|Any CPU.Build.0 = Debug|Any CPU
		{38550FC2-84D2-401A-BBDB-053A5CDF2399}.Release|Any CPU.ActiveCfg = Release|Any CPU
		{38550FC2-84D2-401A-BBDB-053A5CDF2399}.Release|Any CPU.Build.0 = Release|Any CPU
	EndGlobalSection
	GlobalSection(SolutionProperties) = preSolution
		HideSolutionNode = FALSE
	EndGlobalSection
	GlobalSection(ExtensibilityGlobals) = postSolution
		SolutionGuid = {DEC370A4-2D4F-4349-8160-2787B5D6B3D0}
	EndGlobalSection
EndGlobal
